// !$*UTF8*$!
{
	archiveVersion = 1;
	classes = {
	};
	objectVersion = 55;
	objects = {

/* Begin PBXBuildFile section */
		FAECC287296EA02F00F4644E /* AppDelegate.swift in Sources */ = {isa = PBXBuildFile; fileRef = FAECC286296EA02F00F4644E /* AppDelegate.swift */; };
		FAECC289296EA02F00F4644E /* SceneDelegate.swift in Sources */ = {isa = PBXBuildFile; fileRef = FAECC288296EA02F00F4644E /* SceneDelegate.swift */; };
		FAECC28B296EA02F00F4644E /* ViewController.swift in Sources */ = {isa = PBXBuildFile; fileRef = FAECC28A296EA02F00F4644E /* ViewController.swift */; };
		FAECC28E296EA02F00F4644E /* Main.storyboard in Resources */ = {isa = PBXBuildFile; fileRef = FAECC28C296EA02F00F4644E /* Main.storyboard */; };
		FAECC290296EA03600F4644E /* Assets.xcassets in Resources */ = {isa = PBXBuildFile; fileRef = FAECC28F296EA03600F4644E /* Assets.xcassets */; };
		FAECC293296EA03600F4644E /* LaunchScreen.storyboard in Resources */ = {isa = PBXBuildFile; fileRef = FAECC291296EA03600F4644E /* LaunchScreen.storyboard */; };
		FAECC29E296EA03700F4644E /* PiazzaTests.swift in Sources */ = {isa = PBXBuildFile; fileRef = FAECC29D296EA03700F4644E /* PiazzaTests.swift */; };
		FAECC2A8296EA03700F4644E /* PiazzaUITests.swift in Sources */ = {isa = PBXBuildFile; fileRef = FAECC2A7296EA03700F4644E /* PiazzaUITests.swift */; };
		FAECC2AA296EA03700F4644E /* PiazzaUITestsLaunchTests.swift in Sources */ = {isa = PBXBuildFile; fileRef = FAECC2A9296EA03700F4644E /* PiazzaUITestsLaunchTests.swift */; };
		FAECC2B8296EA18000F4644E /* Turbo in Frameworks */ = {isa = PBXBuildFile; productRef = FAECC2B7296EA18000F4644E /* Turbo */; };
/* End PBXBuildFile section */

/* Begin PBXContainerItemProxy section */
		FAECC29A296EA03700F4644E /* PBXContainerItemProxy */ = {
			isa = PBXContainerItemProxy;
			containerPortal = FAECC27B296EA02F00F4644E /* Project object */;
			proxyType = 1;
			remoteGlobalIDString = FAECC282296EA02F00F4644E;
			remoteInfo = Piazza;
		};
		FAECC2A4296EA03700F4644E /* PBXContainerItemProxy */ = {
			isa = PBXContainerItemProxy;
			containerPortal = FAECC27B296EA02F00F4644E /* Project object */;
			proxyType = 1;
			remoteGlobalIDString = FAECC282296EA02F00F4644E;
			remoteInfo = Piazza;
		};
/* End PBXContainerItemProxy section */

/* Begin PBXFileReference section */
		FAECC283296EA02F00F4644E /* Piazza.app */ = {isa = PBXFileReference; explicitFileType = wrapper.application; includeInIndex = 0; path = Piazza.app; sourceTree = BUILT_PRODUCTS_DIR; };
		FAECC286296EA02F00F4644E /* AppDelegate.swift */ = {isa = PBXFileReference; lastKnownFileType = sourcecode.swift; path = AppDelegate.swift; sourceTree = "<group>"; };
		FAECC288296EA02F00F4644E /* SceneDelegate.swift */ = {isa = PBXFileReference; lastKnownFileType = sourcecode.swift; path = SceneDelegate.swift; sourceTree = "<group>"; };
		FAECC28A296EA02F00F4644E /* ViewController.swift */ = {isa = PBXFileReference; lastKnownFileType = sourcecode.swift; path = ViewController.swift; sourceTree = "<group>"; };
		FAECC28D296EA02F00F4644E /* Base */ = {isa = PBXFileReference; lastKnownFileType = file.storyboard; name = Base; path = Base.lproj/Main.storyboard; sourceTree = "<group>"; };
		FAECC28F296EA03600F4644E /* Assets.xcassets */ = {isa = PBXFileReference; lastKnownFileType = folder.assetcatalog; path = Assets.xcassets; sourceTree = "<group>"; };
		FAECC292296EA03600F4644E /* Base */ = {isa = PBXFileReference; lastKnownFileType = file.storyboard; name = Base; path = Base.lproj/LaunchScreen.storyboard; sourceTree = "<group>"; };
		FAECC294296EA03600F4644E /* Info.plist */ = {isa = PBXFileReference; lastKnownFileType = text.plist.xml; path = Info.plist; sourceTree = "<group>"; };
		FAECC299296EA03700F4644E /* PiazzaTests.xctest */ = {isa = PBXFileReference; explicitFileType = wrapper.cfbundle; includeInIndex = 0; path = PiazzaTests.xctest; sourceTree = BUILT_PRODUCTS_DIR; };
		FAECC29D296EA03700F4644E /* PiazzaTests.swift */ = {isa = PBXFileReference; lastKnownFileType = sourcecode.swift; path = PiazzaTests.swift; sourceTree = "<group>"; };
		FAECC2A3296EA03700F4644E /* PiazzaUITests.xctest */ = {isa = PBXFileReference; explicitFileType = wrapper.cfbundle; includeInIndex = 0; path = PiazzaUITests.xctest; sourceTree = BUILT_PRODUCTS_DIR; };
		FAECC2A7296EA03700F4644E /* PiazzaUITests.swift */ = {isa = PBXFileReference; lastKnownFileType = sourcecode.swift; path = PiazzaUITests.swift; sourceTree = "<group>"; };
		FAECC2A9296EA03700F4644E /* PiazzaUITestsLaunchTests.swift */ = {isa = PBXFileReference; lastKnownFileType = sourcecode.swift; path = PiazzaUITestsLaunchTests.swift; sourceTree = "<group>"; };
/* End PBXFileReference section */

/* Begin PBXFrameworksBuildPhase section */
		FAECC280296EA02F00F4644E /* Frameworks */ = {
			isa = PBXFrameworksBuildPhase;
			buildActionMask = 2147483647;
			files = (
				FAECC2B8296EA18000F4644E /* Turbo in Frameworks */,
			);
			runOnlyForDeploymentPostprocessing = 0;
		};
		FAECC296296EA03700F4644E /* Frameworks */ = {
			isa = PBXFrameworksBuildPhase;
			buildActionMask = 2147483647;
			files = (
			);
			runOnlyForDeploymentPostprocessing = 0;
		};
		FAECC2A0296EA03700F4644E /* Frameworks */ = {
			isa = PBXFrameworksBuildPhase;
			buildActionMask = 2147483647;
			files = (
			);
			runOnlyForDeploymentPostprocessing = 0;
		};
/* End PBXFrameworksBuildPhase section */

/* Begin PBXGroup section */
		FAECC27A296EA02F00F4644E = {
			isa = PBXGroup;
			children = (
				FAECC285296EA02F00F4644E /* Piazza */,
				FAECC29C296EA03700F4644E /* PiazzaTests */,
				FAECC2A6296EA03700F4644E /* PiazzaUITests */,
				FAECC284296EA02F00F4644E /* Products */,
			);
			sourceTree = "<group>";
		};
		FAECC284296EA02F00F4644E /* Products */ = {
			isa = PBXGroup;
			children = (
				FAECC283296EA02F00F4644E /* Piazza.app */,
				FAECC299296EA03700F4644E /* PiazzaTests.xctest */,
				FAECC2A3296EA03700F4644E /* PiazzaUITests.xctest */,
			);
			name = Products;
			sourceTree = "<group>";
		};
		FAECC285296EA02F00F4644E /* Piazza */ = {
			isa = PBXGroup;
			children = (
				FAECC286296EA02F00F4644E /* AppDelegate.swift */,
				FAECC288296EA02F00F4644E /* SceneDelegate.swift */,
				FAECC28A296EA02F00F4644E /* ViewController.swift */,
				FAECC28C296EA02F00F4644E /* Main.storyboard */,
				FAECC28F296EA03600F4644E /* Assets.xcassets */,
				FAECC291296EA03600F4644E /* LaunchScreen.storyboard */,
				FAECC294296EA03600F4644E /* Info.plist */,
			);
			path = Piazza;
			sourceTree = "<group>";
		};
		FAECC29C296EA03700F4644E /* PiazzaTests */ = {
			isa = PBXGroup;
			children = (
				FAECC29D296EA03700F4644E /* PiazzaTests.swift */,
			);
			path = PiazzaTests;
			sourceTree = "<group>";
		};
		FAECC2A6296EA03700F4644E /* PiazzaUITests */ = {
			isa = PBXGroup;
			children = (
				FAECC2A7296EA03700F4644E /* PiazzaUITests.swift */,
				FAECC2A9296EA03700F4644E /* PiazzaUITestsLaunchTests.swift */,
			);
			path = PiazzaUITests;
			sourceTree = "<group>";
		};
/* End PBXGroup section */

/* Begin PBXNativeTarget section */
		FAECC282296EA02F00F4644E /* Piazza */ = {
			isa = PBXNativeTarget;
			buildConfigurationList = FAECC2AD296EA03700F4644E /* Build configuration list for PBXNativeTarget "Piazza" */;
			buildPhases = (
				FAECC27F296EA02F00F4644E /* Sources */,
				FAECC280296EA02F00F4644E /* Frameworks */,
				FAECC281296EA02F00F4644E /* Resources */,
				FAF5246729785B5700DD4F9E /* Run Script */,
			);
			buildRules = (
			);
			dependencies = (
			);
			name = Piazza;
			packageProductDependencies = (
				FAECC2B7296EA18000F4644E /* Turbo */,
			);
			productName = Piazza;
			productReference = FAECC283296EA02F00F4644E /* Piazza.app */;
			productType = "com.apple.product-type.application";
		};
		FAECC298296EA03700F4644E /* PiazzaTests */ = {
			isa = PBXNativeTarget;
			buildConfigurationList = FAECC2B0296EA03700F4644E /* Build configuration list for PBXNativeTarget "PiazzaTests" */;
			buildPhases = (
				FAECC295296EA03700F4644E /* Sources */,
				FAECC296296EA03700F4644E /* Frameworks */,
				FAECC297296EA03700F4644E /* Resources */,
			);
			buildRules = (
			);
			dependencies = (
				FAECC29B296EA03700F4644E /* PBXTargetDependency */,
			);
			name = PiazzaTests;
			productName = PiazzaTests;
			productReference = FAECC299296EA03700F4644E /* PiazzaTests.xctest */;
			productType = "com.apple.product-type.bundle.unit-test";
		};
		FAECC2A2296EA03700F4644E /* PiazzaUITests */ = {
			isa = PBXNativeTarget;
			buildConfigurationList = FAECC2B3296EA03700F4644E /* Build configuration list for PBXNativeTarget "PiazzaUITests" */;
			buildPhases = (
				FAECC29F296EA03700F4644E /* Sources */,
				FAECC2A0296EA03700F4644E /* Frameworks */,
				FAECC2A1296EA03700F4644E /* Resources */,
			);
			buildRules = (
			);
			dependencies = (
				FAECC2A5296EA03700F4644E /* PBXTargetDependency */,
			);
			name = PiazzaUITests;
			productName = PiazzaUITests;
			productReference = FAECC2A3296EA03700F4644E /* PiazzaUITests.xctest */;
			productType = "com.apple.product-type.bundle.ui-testing";
		};
/* End PBXNativeTarget section */

/* Begin PBXProject section */
		FAECC27B296EA02F00F4644E /* Project object */ = {
			isa = PBXProject;
			attributes = {
				BuildIndependentTargetsInParallel = 1;
				LastSwiftUpdateCheck = 1340;
				LastUpgradeCheck = 1340;
				TargetAttributes = {
					FAECC282296EA02F00F4644E = {
						CreatedOnToolsVersion = 13.4.1;
					};
					FAECC298296EA03700F4644E = {
						CreatedOnToolsVersion = 13.4.1;
						TestTargetID = FAECC282296EA02F00F4644E;
					};
					FAECC2A2296EA03700F4644E = {
						CreatedOnToolsVersion = 13.4.1;
						TestTargetID = FAECC282296EA02F00F4644E;
					};
				};
			};
			buildConfigurationList = FAECC27E296EA02F00F4644E /* Build configuration list for PBXProject "Piazza" */;
			compatibilityVersion = "Xcode 13.0";
			developmentRegion = en;
			hasScannedForEncodings = 0;
			knownRegions = (
				en,
				Base,
			);
			mainGroup = FAECC27A296EA02F00F4644E;
			packageReferences = (
				FAECC2B6296EA18000F4644E /* XCRemoteSwiftPackageReference "turbo-ios" */,
			);
			productRefGroup = FAECC284296EA02F00F4644E /* Products */;
			projectDirPath = "";
			projectRoot = "";
			targets = (
				FAECC282296EA02F00F4644E /* Piazza */,
				FAECC298296EA03700F4644E /* PiazzaTests */,
				FAECC2A2296EA03700F4644E /* PiazzaUITests */,
			);
		};
/* End PBXProject section */

/* Begin PBXResourcesBuildPhase section */
		FAECC281296EA02F00F4644E /* Resources */ = {
			isa = PBXResourcesBuildPhase;
			buildActionMask = 2147483647;
			files = (
				FAECC293296EA03600F4644E /* LaunchScreen.storyboard in Resources */,
				FAECC290296EA03600F4644E /* Assets.xcassets in Resources */,
				FAECC28E296EA02F00F4644E /* Main.storyboard in Resources */,
			);
			runOnlyForDeploymentPostprocessing = 0;
		};
		FAECC297296EA03700F4644E /* Resources */ = {
			isa = PBXResourcesBuildPhase;
			buildActionMask = 2147483647;
			files = (
			);
			runOnlyForDeploymentPostprocessing = 0;
		};
		FAECC2A1296EA03700F4644E /* Resources */ = {
			isa = PBXResourcesBuildPhase;
			buildActionMask = 2147483647;
			files = (
			);
			runOnlyForDeploymentPostprocessing = 0;
		};
/* End PBXResourcesBuildPhase section */

/* Begin PBXShellScriptBuildPhase section */
		FAF5246729785B5700DD4F9E /* Run Script */ = {
			isa = PBXShellScriptBuildPhase;
			buildActionMask = 2147483647;
			files = (
			);
			inputFileListPaths = (
			);
			inputPaths = (
			);
			name = "Run Script";
			outputFileListPaths = (
			);
			outputPaths = (
			);
			runOnlyForDeploymentPostprocessing = 0;
			shellPath = /bin/sh;
			shellScript = "INFO_PLIST=\"${TARGET_BUILD_DIR}/${INFOPLIST_PATH}\" PLISTBUDDY=\"/usr/libexec/PlistBuddy\"\nif [ \"${CONFIGURATION}\" == \"Debug\" ]; then\n$PLISTBUDDY -c \"Add :NSAppTransportSecurity dict\" \"${INFO_PLIST}\"\n|| true\n$PLISTBUDDY -c \"Add\n:NSAppTransportSecurity:NSAllowsArbitraryLoads bool true\" \" ${INFO_PLIST}\" || true\n$PLISTBUDDY -c \"Set :NSAppTransportSecurity:NSAllowsArbitraryLoads true\" \"${INFO_PLIST}\" else\n$PLISTBUDDY -c \"Delete :NSAppTransportSecurity:NSAllowsArbitraryLoads\" \"${INFO_PLIST}\" || true\nfi\n ALLOWS_ARBITRARY_LOADS_ENABLED=$($PLISTBUDDY -c \"Print :NSAppTransportSecurity:NSAllowsArbitraryLoads\" \"${INFO_PLIST}\") if [ \"${ALLOWS_ARBITRARY_LOADS_ENABLED}\" == \"true\" ]; then\necho \"warning: ATS is disabled. :NSAppTransportSecurity:NSAllowsArbitraryLoads set to true. This is insecure and should not be used in release builds.\"\nfi\n";
		};
/* End PBXShellScriptBuildPhase section */

/* Begin PBXSourcesBuildPhase section */
		FAECC27F296EA02F00F4644E /* Sources */ = {
			isa = PBXSourcesBuildPhase;
			buildActionMask = 2147483647;
			files = (
				FAECC28B296EA02F00F4644E /* ViewController.swift in Sources */,
				FAECC287296EA02F00F4644E /* AppDelegate.swift in Sources */,
				FAECC289296EA02F00F4644E /* SceneDelegate.swift in Sources */,
			);
			runOnlyForDeploymentPostprocessing = 0;
		};
		FAECC295296EA03700F4644E /* Sources */ = {
			isa = PBXSourcesBuildPhase;
			buildActionMask = 2147483647;
			files = (
				FAECC29E296EA03700F4644E /* PiazzaTests.swift in Sources */,
			);
			runOnlyForDeploymentPostprocessing = 0;
		};
		FAECC29F296EA03700F4644E /* Sources */ = {
			isa = PBXSourcesBuildPhase;
			buildActionMask = 2147483647;
			files = (
				FAECC2A8296EA03700F4644E /* PiazzaUITests.swift in Sources */,
				FAECC2AA296EA03700F4644E /* PiazzaUITestsLaunchTests.swift in Sources */,
			);
			runOnlyForDeploymentPostprocessing = 0;
		};
/* End PBXSourcesBuildPhase section */

/* Begin PBXTargetDependency section */
		FAECC29B296EA03700F4644E /* PBXTargetDependency */ = {
			isa = PBXTargetDependency;
			target = FAECC282296EA02F00F4644E /* Piazza */;
			targetProxy = FAECC29A296EA03700F4644E /* PBXContainerItemProxy */;
		};
		FAECC2A5296EA03700F4644E /* PBXTargetDependency */ = {
			isa = PBXTargetDependency;
			target = FAECC282296EA02F00F4644E /* Piazza */;
			targetProxy = FAECC2A4296EA03700F4644E /* PBXContainerItemProxy */;
		};
/* End PBXTargetDependency section */

/* Begin PBXVariantGroup section */
		FAECC28C296EA02F00F4644E /* Main.storyboard */ = {
			isa = PBXVariantGroup;
			children = (
				FAECC28D296EA02F00F4644E /* Base */,
			);
			name = Main.storyboard;
			sourceTree = "<group>";
		};
		FAECC291296EA03600F4644E /* LaunchScreen.storyboard */ = {
			isa = PBXVariantGroup;
			children = (
				FAECC292296EA03600F4644E /* Base */,
			);
			name = LaunchScreen.storyboard;
			sourceTree = "<group>";
		};
/* End PBXVariantGroup section */

/* Begin XCBuildConfiguration section */
		FAECC2AB296EA03700F4644E /* Debug */ = {
			isa = XCBuildConfiguration;
			buildSettings = {
				ALWAYS_SEARCH_USER_PATHS = NO;
				CLANG_ANALYZER_NONNULL = YES;
				CLANG_ANALYZER_NUMBER_OBJECT_CONVERSION = YES_AGGRESSIVE;
				CLANG_CXX_LANGUAGE_STANDARD = "gnu++17";
				CLANG_ENABLE_MODULES = YES;
				CLANG_ENABLE_OBJC_ARC = YES;
				CLANG_ENABLE_OBJC_WEAK = YES;
				CLANG_WARN_BLOCK_CAPTURE_AUTORELEASING = YES;
				CLANG_WARN_BOOL_CONVERSION = YES;
				CLANG_WARN_COMMA = YES;
				CLANG_WARN_CONSTANT_CONVERSION = YES;
				CLANG_WARN_DEPRECATED_OBJC_IMPLEMENTATIONS = YES;
				CLANG_WARN_DIRECT_OBJC_ISA_USAGE = YES_ERROR;
				CLANG_WARN_DOCUMENTATION_COMMENTS = YES;
				CLANG_WARN_EMPTY_BODY = YES;
				CLANG_WARN_ENUM_CONVERSION = YES;
				CLANG_WARN_INFINITE_RECURSION = YES;
				CLANG_WARN_INT_CONVERSION = YES;
				CLANG_WARN_NON_LITERAL_NULL_CONVERSION = YES;
				CLANG_WARN_OBJC_IMPLICIT_RETAIN_SELF = YES;
				CLANG_WARN_OBJC_LITERAL_CONVERSION = YES;
				CLANG_WARN_OBJC_ROOT_CLASS = YES_ERROR;
				CLANG_WARN_QUOTED_INCLUDE_IN_FRAMEWORK_HEADER = YES;
				CLANG_WARN_RANGE_LOOP_ANALYSIS = YES;
				CLANG_WARN_STRICT_PROTOTYPES = YES;
				CLANG_WARN_SUSPICIOUS_MOVE = YES;
				CLANG_WARN_UNGUARDED_AVAILABILITY = YES_AGGRESSIVE;
				CLANG_WARN_UNREACHABLE_CODE = YES;
				CLANG_WARN__DUPLICATE_METHOD_MATCH = YES;
				COPY_PHASE_STRIP = NO;
				DEBUG_INFORMATION_FORMAT = dwarf;
				ENABLE_STRICT_OBJC_MSGSEND = YES;
				ENABLE_TESTABILITY = YES;
				GCC_C_LANGUAGE_STANDARD = gnu11;
				GCC_DYNAMIC_NO_PIC = NO;
				GCC_NO_COMMON_BLOCKS = YES;
				GCC_OPTIMIZATION_LEVEL = 0;
				GCC_PREPROCESSOR_DEFINITIONS = (
					"DEBUG=1",
					"$(inherited)",
				);
				GCC_WARN_64_TO_32_BIT_CONVERSION = YES;
				GCC_WARN_ABOUT_RETURN_TYPE = YES_ERROR;
				GCC_WARN_UNDECLARED_SELECTOR = YES;
				GCC_WARN_UNINITIALIZED_AUTOS = YES_AGGRESSIVE;
				GCC_WARN_UNUSED_FUNCTION = YES;
				GCC_WARN_UNUSED_VARIABLE = YES;
				IPHONEOS_DEPLOYMENT_TARGET = 15.5;
				MTL_ENABLE_DEBUG_INFO = INCLUDE_SOURCE;
				MTL_FAST_MATH = YES;
				ONLY_ACTIVE_ARCH = YES;
				SDKROOT = iphoneos;
				SWIFT_ACTIVE_COMPILATION_CONDITIONS = DEBUG;
				SWIFT_OPTIMIZATION_LEVEL = "-Onone";
			};
			name = Debug;
		};
		FAECC2AC296EA03700F4644E /* Release */ = {
			isa = XCBuildConfiguration;
			buildSettings = {
				ALWAYS_SEARCH_USER_PATHS = NO;
				CLANG_ANALYZER_NONNULL = YES;
				CLANG_ANALYZER_NUMBER_OBJECT_CONVERSION = YES_AGGRESSIVE;
				CLANG_CXX_LANGUAGE_STANDARD = "gnu++17";
				CLANG_ENABLE_MODULES = YES;
				CLANG_ENABLE_OBJC_ARC = YES;
				CLANG_ENABLE_OBJC_WEAK = YES;
				CLANG_WARN_BLOCK_CAPTURE_AUTORELEASING = YES;
				CLANG_WARN_BOOL_CONVERSION = YES;
				CLANG_WARN_COMMA = YES;
				CLANG_WARN_CONSTANT_CONVERSION = YES;
				CLANG_WARN_DEPRECATED_OBJC_IMPLEMENTATIONS = YES;
				CLANG_WARN_DIRECT_OBJC_ISA_USAGE = YES_ERROR;
				CLANG_WARN_DOCUMENTATION_COMMENTS = YES;
				CLANG_WARN_EMPTY_BODY = YES;
				CLANG_WARN_ENUM_CONVERSION = YES;
				CLANG_WARN_INFINITE_RECURSION = YES;
				CLANG_WARN_INT_CONVERSION = YES;
				CLANG_WARN_NON_LITERAL_NULL_CONVERSION = YES;
				CLANG_WARN_OBJC_IMPLICIT_RETAIN_SELF = YES;
				CLANG_WARN_OBJC_LITERAL_CONVERSION = YES;
				CLANG_WARN_OBJC_ROOT_CLASS = YES_ERROR;
				CLANG_WARN_QUOTED_INCLUDE_IN_FRAMEWORK_HEADER = YES;
				CLANG_WARN_RANGE_LOOP_ANALYSIS = YES;
				CLANG_WARN_STRICT_PROTOTYPES = YES;
				CLANG_WARN_SUSPICIOUS_MOVE = YES;
				CLANG_WARN_UNGUARDED_AVAILABILITY = YES_AGGRESSIVE;
				CLANG_WARN_UNREACHABLE_CODE = YES;
				CLANG_WARN__DUPLICATE_METHOD_MATCH = YES;
				COPY_PHASE_STRIP = NO;
				DEBUG_INFORMATION_FORMAT = "dwarf-with-dsym";
				ENABLE_NS_ASSERTIONS = NO;
				ENABLE_STRICT_OBJC_MSGSEND = YES;
				GCC_C_LANGUAGE_STANDARD = gnu11;
				GCC_NO_COMMON_BLOCKS = YES;
				GCC_WARN_64_TO_32_BIT_CONVERSION = YES;
				GCC_WARN_ABOUT_RETURN_TYPE = YES_ERROR;
				GCC_WARN_UNDECLARED_SELECTOR = YES;
				GCC_WARN_UNINITIALIZED_AUTOS = YES_AGGRESSIVE;
				GCC_WARN_UNUSED_FUNCTION = YES;
				GCC_WARN_UNUSED_VARIABLE = YES;
				IPHONEOS_DEPLOYMENT_TARGET = 15.5;
				MTL_ENABLE_DEBUG_INFO = NO;
				MTL_FAST_MATH = YES;
				SDKROOT = iphoneos;
				SWIFT_COMPILATION_MODE = wholemodule;
				SWIFT_OPTIMIZATION_LEVEL = "-O";
				VALIDATE_PRODUCT = YES;
			};
			name = Release;
		};
		FAECC2AE296EA03700F4644E /* Debug */ = {
			isa = XCBuildConfiguration;
			buildSettings = {
				ASSETCATALOG_COMPILER_APPICON_NAME = AppIcon;
				ASSETCATALOG_COMPILER_GLOBAL_ACCENT_COLOR_NAME = AccentColor;
				CODE_SIGN_STYLE = Automatic;
				CURRENT_PROJECT_VERSION = 1;
				GENERATE_INFOPLIST_FILE = YES;
				INFOPLIST_FILE = Piazza/Info.plist;
				INFOPLIST_KEY_UIApplicationSupportsIndirectInputEvents = YES;
				INFOPLIST_KEY_UILaunchStoryboardName = LaunchScreen;
				INFOPLIST_KEY_UIMainStoryboardFile = Main;
				INFOPLIST_KEY_UISupportedInterfaceOrientations_iPad = "UIInterfaceOrientationPortrait UIInterfaceOrientationPortraitUpsideDown UIInterfaceOrientationLandscapeLeft UIInterfaceOrientationLandscapeRight";
				INFOPLIST_KEY_UISupportedInterfaceOrientations_iPhone = "UIInterfaceOrientationPortrait UIInterfaceOrientationLandscapeLeft UIInterfaceOrientationLandscapeRight";
				LD_RUNPATH_SEARCH_PATHS = (
					"$(inherited)",
					"@executable_path/Frameworks",
				);
				MARKETING_VERSION = 1.0;
				PRODUCT_BUNDLE_IDENTIFIER = com.radioactivetoy.Piazza;
				PRODUCT_NAME = "$(TARGET_NAME)";
				SWIFT_EMIT_LOC_STRINGS = YES;
				SWIFT_VERSION = 5.0;
				TARGETED_DEVICE_FAMILY = "1,2";
			};
			name = Debug;
		};
		FAECC2AF296EA03700F4644E /* Release */ = {
			isa = XCBuildConfiguration;
			buildSettings = {
				ASSETCATALOG_COMPILER_APPICON_NAME = AppIcon;
				ASSETCATALOG_COMPILER_GLOBAL_ACCENT_COLOR_NAME = AccentColor;
				CODE_SIGN_STYLE = Automatic;
				CURRENT_PROJECT_VERSION = 1;
				GENERATE_INFOPLIST_FILE = YES;
				INFOPLIST_FILE = Piazza/Info.plist;
				INFOPLIST_KEY_UIApplicationSupportsIndirectInputEvents = YES;
				INFOPLIST_KEY_UILaunchStoryboardName = LaunchScreen;
				INFOPLIST_KEY_UIMainStoryboardFile = Main;
				INFOPLIST_KEY_UISupportedInterfaceOrientations_iPad = "UIInterfaceOrientationPortrait UIInterfaceOrientationPortraitUpsideDown UIInterfaceOrientationLandscapeLeft UIInterfaceOrientationLandscapeRight";
				INFOPLIST_KEY_UISupportedInterfaceOrientations_iPhone = "UIInterfaceOrientationPortrait UIInterfaceOrientationLandscapeLeft UIInterfaceOrientationLandscapeRight";
				LD_RUNPATH_SEARCH_PATHS = (
					"$(inherited)",
					"@executable_path/Frameworks",
				);
				MARKETING_VERSION = 1.0;
				PRODUCT_BUNDLE_IDENTIFIER = com.radioactivetoy.Piazza;
				PRODUCT_NAME = "$(TARGET_NAME)";
				SWIFT_EMIT_LOC_STRINGS = YES;
				SWIFT_VERSION = 5.0;
				TARGETED_DEVICE_FAMILY = "1,2";
			};
			name = Release;
		};
		FAECC2B1296EA03700F4644E /* Debug */ = {
			isa = XCBuildConfiguration;
			buildSettings = {
				ALWAYS_EMBED_SWIFT_STANDARD_LIBRARIES = YES;
				BUNDLE_LOADER = "$(TEST_HOST)";
				CODE_SIGN_STYLE = Automatic;
				CURRENT_PROJECT_VERSION = 1;
				GENERATE_INFOPLIST_FILE = YES;
				IPHONEOS_DEPLOYMENT_TARGET = 15.5;
				MARKETING_VERSION = 1.0;
				PRODUCT_BUNDLE_IDENTIFIER = com.radioactivetoy.PiazzaTests;
				PRODUCT_NAME = "$(TARGET_NAME)";
				SWIFT_EMIT_LOC_STRINGS = NO;
				SWIFT_VERSION = 5.0;
				TARGETED_DEVICE_FAMILY = "1,2";
				TEST_HOST = "$(BUILT_PRODUCTS_DIR)/Piazza.app/Piazza";
			};
			name = Debug;
		};
		FAECC2B2296EA03700F4644E /* Release */ = {
			isa = XCBuildConfiguration;
			buildSettings = {
				ALWAYS_EMBED_SWIFT_STANDARD_LIBRARIES = YES;
				BUNDLE_LOADER = "$(TEST_HOST)";
				CODE_SIGN_STYLE = Automatic;
				CURRENT_PROJECT_VERSION = 1;
				GENERATE_INFOPLIST_FILE = YES;
				IPHONEOS_DEPLOYMENT_TARGET = 15.5;
				MARKETING_VERSION = 1.0;
				PRODUCT_BUNDLE_IDENTIFIER = com.radioactivetoy.PiazzaTests;
				PRODUCT_NAME = "$(TARGET_NAME)";
				SWIFT_EMIT_LOC_STRINGS = NO;
				SWIFT_VERSION = 5.0;
				TARGETED_DEVICE_FAMILY = "1,2";
				TEST_HOST = "$(BUILT_PRODUCTS_DIR)/Piazza.app/Piazza";
			};
			name = Release;
		};
		FAECC2B4296EA03700F4644E /* Debug */ = {
			isa = XCBuildConfiguration;
			buildSettings = {
				ALWAYS_EMBED_SWIFT_STANDARD_LIBRARIES = YES;
				CODE_SIGN_STYLE = Automatic;
				CURRENT_PROJECT_VERSION = 1;
				GENERATE_INFOPLIST_FILE = YES;
				MARKETING_VERSION = 1.0;
				PRODUCT_BUNDLE_IDENTIFIER = com.radioactivetoy.PiazzaUITests;
				PRODUCT_NAME = "$(TARGET_NAME)";
				SWIFT_EMIT_LOC_STRINGS = NO;
				SWIFT_VERSION = 5.0;
				TARGETED_DEVICE_FAMILY = "1,2";
				TEST_TARGET_NAME = Piazza;
			};
			name = Debug;
		};
		FAECC2B5296EA03700F4644E /* Release */ = {
			isa = XCBuildConfiguration;
			buildSettings = {
				ALWAYS_EMBED_SWIFT_STANDARD_LIBRARIES = YES;
				CODE_SIGN_STYLE = Automatic;
				CURRENT_PROJECT_VERSION = 1;
				GENERATE_INFOPLIST_FILE = YES;
				MARKETING_VERSION = 1.0;
				PRODUCT_BUNDLE_IDENTIFIER = com.radioactivetoy.PiazzaUITests;
				PRODUCT_NAME = "$(TARGET_NAME)";
				SWIFT_EMIT_LOC_STRINGS = NO;
				SWIFT_VERSION = 5.0;
				TARGETED_DEVICE_FAMILY = "1,2";
				TEST_TARGET_NAME = Piazza;
			};
			name = Release;
		};
/* End XCBuildConfiguration section */

/* Begin XCConfigurationList section */
		FAECC27E296EA02F00F4644E /* Build configuration list for PBXProject "Piazza" */ = {
			isa = XCConfigurationList;
			buildConfigurations = (
				FAECC2AB296EA03700F4644E /* Debug */,
				FAECC2AC296EA03700F4644E /* Release */,
			);
			defaultConfigurationIsVisible = 0;
			defaultConfigurationName = Release;
		};
		FAECC2AD296EA03700F4644E /* Build configuration list for PBXNativeTarget "Piazza" */ = {
			isa = XCConfigurationList;
			buildConfigurations = (
				FAECC2AE296EA03700F4644E /* Debug */,
				FAECC2AF296EA03700F4644E /* Release */,
			);
			defaultConfigurationIsVisible = 0;
			defaultConfigurationName = Release;
		};
		FAECC2B0296EA03700F4644E /* Build configuration list for PBXNativeTarget "PiazzaTests" */ = {
			isa = XCConfigurationList;
			buildConfigurations = (
				FAECC2B1296EA03700F4644E /* Debug */,
				FAECC2B2296EA03700F4644E /* Release */,
			);
			defaultConfigurationIsVisible = 0;
			defaultConfigurationName = Release;
		};
		FAECC2B3296EA03700F4644E /* Build configuration list for PBXNativeTarget "PiazzaUITests" */ = {
			isa = XCConfigurationList;
			buildConfigurations = (
				FAECC2B4296EA03700F4644E /* Debug */,
				FAECC2B5296EA03700F4644E /* Release */,
			);
			defaultConfigurationIsVisible = 0;
			defaultConfigurationName = Release;
		};
/* End XCConfigurationList section */

/* Begin XCRemoteSwiftPackageReference section */
		FAECC2B6296EA18000F4644E /* XCRemoteSwiftPackageReference "turbo-ios" */ = {
			isa = XCRemoteSwiftPackageReference;
			repositoryURL = "https://github.com/hotwired/turbo-ios";
			requirement = {
				kind = upToNextMinorVersion;
				minimumVersion = "7.0.0-rc.7";
			};
		};
/* End XCRemoteSwiftPackageReference section */

/* Begin XCSwiftPackageProductDependency section */
		FAECC2B7296EA18000F4644E /* Turbo */ = {
			isa = XCSwiftPackageProductDependency;
			package = FAECC2B6296EA18000F4644E /* XCRemoteSwiftPackageReference "turbo-ios" */;
			productName = Turbo;
		};
/* End XCSwiftPackageProductDependency section */
	};
	rootObject = FAECC27B296EA02F00F4644E /* Project object */;
}
